
Microsoft Visual Studio Solution File, Format Version 12.00
Project("{FAE04EC0-301F-11D3-BF4B-00C04F79EFBC}") = "MCUEmulator", "MCUEmulator\MCUEmulator.csproj", "{319C0B50-882E-4B96-A06A-DFF5F3212265}"
EndProject
Global
	GlobalSection(SolutionConfigurationPlatforms) = preSolution
		Debug|Any CPU = Debug|Any CPU
		Release|Any CPU = Release|Any CPU
	EndGlobalSection
	GlobalSection(ProjectConfigurationPlatforms) = postSolution
		{319C0B50-882E-4B96-A06A-DFF5F3212265}.Debug|Any CPU.ActiveCfg = Debug|Any CPU
		{319C0B50-882E-4B96-A06A-DFF5F3212265}.Debug|Any CPU.Build.0 = Debug|Any CPU
		{319C0B50-882E-4B96-A06A-DFF5F3212265}.Release|Any CPU.ActiveCfg = Release|Any CPU
	EndGlobalSection
EndGlobal
